
Microsoft Visual Studio Solution File, Format Version 12.00
# Visual Studio 15
VisualStudioVersion = 15.0.26730.12
MinimumVisualStudioVersion = 10.0.40219.1
Project("{8BC9CEB8-8B4A-11D0-8D11-00A0C91BC942}") = "MidiFighterTwister", "MidiFighterTwister\MidiFighterTwister.vcxproj", "{59670000-3FBA-455E-A1BC-7B68C7F7515A}"
EndProject
Project("{8BC9CEB8-8B4A-11D0-8D11-00A0C91BC942}") = "testMain", "testMain\testMain.vcxproj", "{A6141A4C-AF10-4F8F-AC16-C1E5930E7F25}"
	ProjectSection(ProjectDependencies) = postProject
		{59670000-3FBA-455E-A1BC-7B68C7F7515A} = {59670000-3FBA-455E-A1BC-7B68C7F7515A}
	EndProjectSection
EndProject
Global
	GlobalSection(SolutionConfigurationPlatforms) = preSolution
		Debug|x64 = Debug|x64
		Debug|x86 = Debug|x86
		Release|x64 = Release|x64
		Release|x86 = Release|x86
	EndGlobalSection
	GlobalSection(ProjectConfigurationPlatforms) = postSolution
		{59670000-3FBA-455E-A1BC-7B68C7F7515A}.Debug|x64.ActiveCfg = Debug|x64
		{59670000-3FBA-455E-A1BC-7B68C7F7515A}.Debug|x64.Build.0 = Debug|x64
		{59670000-3FBA-455E-A1BC-7B68C7F7515A}.Debug|x86.ActiveCfg = Debug|Win32
		{59670000-3FBA-455E-A1BC-7B68C7F7515A}.Debug|x86.Build.0 = Debug|Win32
		{59670000-3FBA-455E-A1BC-7B68C7F7515A}.Release|x64.ActiveCfg = Release|x64
		{59670000-3FBA-455E-A1BC-7B68C7F7515A}.Release|x64.Build.0 = Release|x64
		{59670000-3FBA-455E-A1BC-7B68C7F7515A}.Release|x86.ActiveCfg = Release|Win32
		{59670000-3FBA-455E-A1BC-7B68C7F7515A}.Release|x86.Build.0 = Release|Win32
		{A6141A4C-AF10-4F8F-AC16-C1E5930E7F25}.Debug|x64.ActiveCfg = Debug|x64
		{A6141A4C-AF10-4F8F-AC16-C1E5930E7F25}.Debug|x64.Build.0 = Debug|x64
		{A6141A4C-AF10-4F8F-AC16-C1E5930E7F25}.Debug|x86.ActiveCfg = Debug|Win32
		{A6141A4C-AF10-4F8F-AC16-C1E5930E7F25}.Debug|x86.Build.0 = Debug|Win32
		{A6141A4C-AF10-4F8F-AC16-C1E5930E7F25}.Release|x64.ActiveCfg = Release|x64
		{A6141A4C-AF10-4F8F-AC16-C1E5930E7F25}.Release|x64.Build.0 = Release|x64
		{A6141A4C-AF10-4F8F-AC16-C1E5930E7F25}.Release|x86.ActiveCfg = Release|Win32
		{A6141A4C-AF10-4F8F-AC16-C1E5930E7F25}.Release|x86.Build.0 = Release|Win32
	EndGlobalSection
	GlobalSection(SolutionProperties) = preSolution
		HideSolutionNode = FALSE
	EndGlobalSection
	GlobalSection(ExtensibilityGlobals) = postSolution
		SolutionGuid = {CDAF1313-AC7D-46EA-80BC-B9F85FE7935F}
	EndGlobalSection
EndGlobal
